
Microsoft Visual Studio Solution File, Format Version 12.00
# Visual Studio Version 17
VisualStudioVersion = 17.13.35825.156
MinimumVisualStudioVersion = 10.0.40219.1
Project("{FAE04EC0-301F-11D3-BF4B-00C04F79EFBC}") = "MedSchedulerFinal", "MedSchedulerFinal\MedSchedulerFinal.csproj", "{3320E0FD-3B16-4C9A-A65D-D84D983F98E4}"
EndProject
Project("{2150E333-8FDC-42A3-9474-1A3956D46DE8}") = "Presentation Layer", "Presentation Layer", "{02EA681E-C7D8-13C7-8484-4AC65E1B71E8}"
EndProject
Project("{2150E333-8FDC-42A3-9474-1A3956D46DE8}") = "Data", "Data", "{7C7F2CDD-01A5-4B03-AE26-E9724B5E5990}"
EndProject
Project("{2150E333-8FDC-42A3-9474-1A3956D46DE8}") = "Core", "Core", "{6A82A4F4-9D30-4D62-975F-3FB401711D5E}"
EndProject
Project("{FAE04EC0-301F-11D3-BF4B-00C04F79EFBC}") = "Models", "Models\Models.csproj", "{06A26786-2136-49B5-A134-7281A73D4966}"
EndProject
Project("{FAE04EC0-301F-11D3-BF4B-00C04F79EFBC}") = "BusinessLogicLayer", "Business Logic Layer\BusinessLogicLayer.csproj", "{8E299D3C-42CA-48AB-AF77-D65D67F7EF14}"
EndProject
Project("{FAE04EC0-301F-11D3-BF4B-00C04F79EFBC}") = "DataAccessLayer", "DataAccessLayer\DataAccessLayer.csproj", "{8BE711F6-BF14-4F7F-881E-8874355284C8}"
EndProject
Project("{FAE04EC0-301F-11D3-BF4B-00C04F79EFBC}") = "SchedulingEngine", "SchedulingEngine\SchedulingEngine.csproj", "{3990B740-F80C-4A90-ACCD-7ECDDBC48FBE}"
EndProject
Project("{FAE04EC0-301F-11D3-BF4B-00C04F79EFBC}") = "Testing", "Testing\Testing.csproj", "{FCF46535-E558-4AE6-AFB6-53024D960C3F}"
EndProject
Global
	GlobalSection(SolutionConfigurationPlatforms) = preSolution
		Debug|Any CPU = Debug|Any CPU
		Release|Any CPU = Release|Any CPU
	EndGlobalSection
	GlobalSection(ProjectConfigurationPlatforms) = postSolution
		{3320E0FD-3B16-4C9A-A65D-D84D983F98E4}.Debug|Any CPU.ActiveCfg = Debug|Any CPU
		{3320E0FD-3B16-4C9A-A65D-D84D983F98E4}.Debug|Any CPU.Build.0 = Debug|Any CPU
		{3320E0FD-3B16-4C9A-A65D-D84D983F98E4}.Release|Any CPU.ActiveCfg = Release|Any CPU
		{3320E0FD-3B16-4C9A-A65D-D84D983F98E4}.Release|Any CPU.Build.0 = Release|Any CPU
		{06A26786-2136-49B5-A134-7281A73D4966}.Debug|Any CPU.ActiveCfg = Debug|Any CPU
		{06A26786-2136-49B5-A134-7281A73D4966}.Debug|Any CPU.Build.0 = Debug|Any CPU
		{06A26786-2136-49B5-A134-7281A73D4966}.Release|Any CPU.ActiveCfg = Release|Any CPU
		{06A26786-2136-49B5-A134-7281A73D4966}.Release|Any CPU.Build.0 = Release|Any CPU
		{8E299D3C-42CA-48AB-AF77-D65D67F7EF14}.Debug|Any CPU.ActiveCfg = Debug|Any CPU
		{8E299D3C-42CA-48AB-AF77-D65D67F7EF14}.Debug|Any CPU.Build.0 = Debug|Any CPU
		{8E299D3C-42CA-48AB-AF77-D65D67F7EF14}.Release|Any CPU.ActiveCfg = Release|Any CPU
		{8E299D3C-42CA-48AB-AF77-D65D67F7EF14}.Release|Any CPU.Build.0 = Release|Any CPU
		{8BE711F6-BF14-4F7F-881E-8874355284C8}.Debug|Any CPU.ActiveCfg = Debug|Any CPU
		{8BE711F6-BF14-4F7F-881E-8874355284C8}.Debug|Any CPU.Build.0 = Debug|Any CPU
		{8BE711F6-BF14-4F7F-881E-8874355284C8}.Release|Any CPU.ActiveCfg = Release|Any CPU
		{8BE711F6-BF14-4F7F-881E-8874355284C8}.Release|Any CPU.Build.0 = Release|Any CPU
		{3990B740-F80C-4A90-ACCD-7ECDDBC48FBE}.Debug|Any CPU.ActiveCfg = Debug|Any CPU
		{3990B740-F80C-4A90-ACCD-7ECDDBC48FBE}.Debug|Any CPU.Build.0 = Debug|Any CPU
		{3990B740-F80C-4A90-ACCD-7ECDDBC48FBE}.Release|Any CPU.ActiveCfg = Release|Any CPU
		{3990B740-F80C-4A90-ACCD-7ECDDBC48FBE}.Release|Any CPU.Build.0 = Release|Any CPU
		{FCF46535-E558-4AE6-AFB6-53024D960C3F}.Debug|Any CPU.ActiveCfg = Debug|Any CPU
		{FCF46535-E558-4AE6-AFB6-53024D960C3F}.Debug|Any CPU.Build.0 = Debug|Any CPU
		{FCF46535-E558-4AE6-AFB6-53024D960C3F}.Release|Any CPU.ActiveCfg = Release|Any CPU
		{FCF46535-E558-4AE6-AFB6-53024D960C3F}.Release|Any CPU.Build.0 = Release|Any CPU
	EndGlobalSection
	GlobalSection(SolutionProperties) = preSolution
		HideSolutionNode = FALSE
	EndGlobalSection
	GlobalSection(NestedProjects) = preSolution
		{3320E0FD-3B16-4C9A-A65D-D84D983F98E4} = {02EA681E-C7D8-13C7-8484-4AC65E1B71E8}
		{06A26786-2136-49B5-A134-7281A73D4966} = {7C7F2CDD-01A5-4B03-AE26-E9724B5E5990}
		{8E299D3C-42CA-48AB-AF77-D65D67F7EF14} = {7C7F2CDD-01A5-4B03-AE26-E9724B5E5990}
		{8BE711F6-BF14-4F7F-881E-8874355284C8} = {7C7F2CDD-01A5-4B03-AE26-E9724B5E5990}
		{3990B740-F80C-4A90-ACCD-7ECDDBC48FBE} = {6A82A4F4-9D30-4D62-975F-3FB401711D5E}
		{FCF46535-E558-4AE6-AFB6-53024D960C3F} = {6A82A4F4-9D30-4D62-975F-3FB401711D5E}
	EndGlobalSection
	GlobalSection(ExtensibilityGlobals) = postSolution
		SolutionGuid = {4C4ACCDD-C725-4334-8F5D-4CEC7DAD4B89}
	EndGlobalSection
EndGlobal
